
Microsoft Visual Studio Solution File, Format Version 12.00
# Visual Studio 15
VisualStudioVersion = 15.0.28010.2036
MinimumVisualStudioVersion = 10.0.40219.1
Project("{FAE04EC0-301F-11D3-BF4B-00C04F79EFBC}") = "ILCodeInjection", "ILCodeInjection\ILCodeInjection.csproj", "{D58B4764-5109-4A51-93AD-AC6601A2FC3A}"
EndProject
Global
	GlobalSection(SolutionConfigurationPlatforms) = preSolution
		Debug|Any CPU = Debug|Any CPU
		Release|Any CPU = Release|Any CPU
	EndGlobalSection
	GlobalSection(ProjectConfigurationPlatforms) = postSolution
		{D58B4764-5109-4A51-93AD-AC6601A2FC3A}.Debug|Any CPU.ActiveCfg = Debug|Any CPU
		{D58B4764-5109-4A51-93AD-AC6601A2FC3A}.Debug|Any CPU.Build.0 = Debug|Any CPU
		{D58B4764-5109-4A51-93AD-AC6601A2FC3A}.Release|Any CPU.ActiveCfg = Release|Any CPU
		{D58B4764-5109-4A51-93AD-AC6601A2FC3A}.Release|Any CPU.Build.0 = Release|Any CPU
	EndGlobalSection
	GlobalSection(SolutionProperties) = preSolution
		HideSolutionNode = FALSE
	EndGlobalSection
	GlobalSection(ExtensibilityGlobals) = postSolution
		SolutionGuid = {F23A4A78-C848-4577-8D50-7C11AA1A43E4}
	EndGlobalSection
EndGlobal
